
Microsoft Visual Studio Solution File, Format Version 12.00
Project("{FAE04EC0-301F-11D3-BF4B-00C04F79EFBC}") = "Quantos-impares", "Quantos-impares\Quantos-impares.csproj", "{BABBA1D7-3A9C-427F-A326-D15362C92A98}"
EndProject
Global
	GlobalSection(SolutionConfigurationPlatforms) = preSolution
		Debug|Any CPU = Debug|Any CPU
		Release|Any CPU = Release|Any CPU
	EndGlobalSection
	GlobalSection(ProjectConfigurationPlatforms) = postSolution
		{BABBA1D7-3A9C-427F-A326-D15362C92A98}.Debug|Any CPU.ActiveCfg = Debug|Any CPU
		{BABBA1D7-3A9C-427F-A326-D15362C92A98}.Debug|Any CPU.Build.0 = Debug|Any CPU
		{BABBA1D7-3A9C-427F-A326-D15362C92A98}.Release|Any CPU.ActiveCfg = Release|Any CPU
		{BABBA1D7-3A9C-427F-A326-D15362C92A98}.Release|Any CPU.Build.0 = Release|Any CPU
	EndGlobalSection
EndGlobal
