
Microsoft Visual Studio Solution File, Format Version 12.00
Project("{FAE04EC0-301F-11D3-BF4B-00C04F79EFBC}") = "ContactSanitizer", "ContactSanitizer\ContactSanitizer.csproj", "{47A3B7A1-71DC-4AC8-911B-CE99D6C866FF}"
EndProject
Global
	GlobalSection(SolutionConfigurationPlatforms) = preSolution
		Debug|Any CPU = Debug|Any CPU
		Release|Any CPU = Release|Any CPU
	EndGlobalSection
	GlobalSection(ProjectConfigurationPlatforms) = postSolution
		{47A3B7A1-71DC-4AC8-911B-CE99D6C866FF}.Debug|Any CPU.ActiveCfg = Debug|Any CPU
		{47A3B7A1-71DC-4AC8-911B-CE99D6C866FF}.Debug|Any CPU.Build.0 = Debug|Any CPU
		{47A3B7A1-71DC-4AC8-911B-CE99D6C866FF}.Release|Any CPU.ActiveCfg = Release|Any CPU
		{47A3B7A1-71DC-4AC8-911B-CE99D6C866FF}.Release|Any CPU.Build.0 = Release|Any CPU
	EndGlobalSection
EndGlobal
