
Microsoft Visual Studio Solution File, Format Version 12.00
Project("{FAE04EC0-301F-11D3-BF4B-00C04F79EFBC}") = "RegistroNotas", "RegistroNotas\RegistroNotas.csproj", "{5ABAB468-4163-4B49-94D4-4D28BA4CECAF}"
EndProject
Global
	GlobalSection(SolutionConfigurationPlatforms) = preSolution
		Debug|Any CPU = Debug|Any CPU
		Release|Any CPU = Release|Any CPU
	EndGlobalSection
	GlobalSection(ProjectConfigurationPlatforms) = postSolution
		{5ABAB468-4163-4B49-94D4-4D28BA4CECAF}.Debug|Any CPU.ActiveCfg = Debug|Any CPU
		{5ABAB468-4163-4B49-94D4-4D28BA4CECAF}.Debug|Any CPU.Build.0 = Debug|Any CPU
		{5ABAB468-4163-4B49-94D4-4D28BA4CECAF}.Release|Any CPU.ActiveCfg = Release|Any CPU
		{5ABAB468-4163-4B49-94D4-4D28BA4CECAF}.Release|Any CPU.Build.0 = Release|Any CPU
	EndGlobalSection
EndGlobal
