
Microsoft Visual Studio Solution File, Format Version 12.00
Project("{FAE04EC0-301F-11D3-BF4B-00C04F79EFBC}") = "RegistroDeCliente", "RegistroDeCliente\RegistroDeCliente.csproj", "{CDFD452F-6369-4F52-96B8-EFC8D83E2C87}"
EndProject
Global
	GlobalSection(SolutionConfigurationPlatforms) = preSolution
		Debug|Any CPU = Debug|Any CPU
		Release|Any CPU = Release|Any CPU
	EndGlobalSection
	GlobalSection(ProjectConfigurationPlatforms) = postSolution
		{CDFD452F-6369-4F52-96B8-EFC8D83E2C87}.Debug|Any CPU.ActiveCfg = Debug|Any CPU
		{CDFD452F-6369-4F52-96B8-EFC8D83E2C87}.Debug|Any CPU.Build.0 = Debug|Any CPU
		{CDFD452F-6369-4F52-96B8-EFC8D83E2C87}.Release|Any CPU.ActiveCfg = Release|Any CPU
		{CDFD452F-6369-4F52-96B8-EFC8D83E2C87}.Release|Any CPU.Build.0 = Release|Any CPU
	EndGlobalSection
EndGlobal
