
Microsoft Visual Studio Solution File, Format Version 12.00
Project("{FAE04EC0-301F-11D3-BF4B-00C04F79EFBC}") = "ControlandoAcesso", "ControlandoAcesso\ControlandoAcesso.csproj", "{CEF1290C-C553-452B-A874-9D1873771C82}"
EndProject
Global
	GlobalSection(SolutionConfigurationPlatforms) = preSolution
		Debug|Any CPU = Debug|Any CPU
		Release|Any CPU = Release|Any CPU
	EndGlobalSection
	GlobalSection(ProjectConfigurationPlatforms) = postSolution
		{CEF1290C-C553-452B-A874-9D1873771C82}.Debug|Any CPU.ActiveCfg = Debug|Any CPU
		{CEF1290C-C553-452B-A874-9D1873771C82}.Debug|Any CPU.Build.0 = Debug|Any CPU
		{CEF1290C-C553-452B-A874-9D1873771C82}.Release|Any CPU.ActiveCfg = Release|Any CPU
		{CEF1290C-C553-452B-A874-9D1873771C82}.Release|Any CPU.Build.0 = Release|Any CPU
	EndGlobalSection
EndGlobal
