
Microsoft Visual Studio Solution File, Format Version 12.00
Project("{FAE04EC0-301F-11D3-BF4B-00C04F79EFBC}") = "PlataformaDeCursos", "PlataformaDeCursos\PlataformaDeCursos.csproj", "{FBC9C239-A180-4E03-BA08-FB351A27366D}"
EndProject
Global
	GlobalSection(SolutionConfigurationPlatforms) = preSolution
		Debug|Any CPU = Debug|Any CPU
		Release|Any CPU = Release|Any CPU
	EndGlobalSection
	GlobalSection(ProjectConfigurationPlatforms) = postSolution
		{FBC9C239-A180-4E03-BA08-FB351A27366D}.Debug|Any CPU.ActiveCfg = Debug|Any CPU
		{FBC9C239-A180-4E03-BA08-FB351A27366D}.Debug|Any CPU.Build.0 = Debug|Any CPU
		{FBC9C239-A180-4E03-BA08-FB351A27366D}.Release|Any CPU.ActiveCfg = Release|Any CPU
		{FBC9C239-A180-4E03-BA08-FB351A27366D}.Release|Any CPU.Build.0 = Release|Any CPU
	EndGlobalSection
EndGlobal
