
Microsoft Visual Studio Solution File, Format Version 12.00
Project("{FAE04EC0-301F-11D3-BF4B-00C04F79EFBC}") = "OverloadCalculator", "OverloadCalculator\OverloadCalculator.csproj", "{337441A3-FA40-4402-8D62-B02C00A4B792}"
EndProject
Global
	GlobalSection(SolutionConfigurationPlatforms) = preSolution
		Debug|Any CPU = Debug|Any CPU
		Release|Any CPU = Release|Any CPU
	EndGlobalSection
	GlobalSection(ProjectConfigurationPlatforms) = postSolution
		{337441A3-FA40-4402-8D62-B02C00A4B792}.Debug|Any CPU.ActiveCfg = Debug|Any CPU
		{337441A3-FA40-4402-8D62-B02C00A4B792}.Debug|Any CPU.Build.0 = Debug|Any CPU
		{337441A3-FA40-4402-8D62-B02C00A4B792}.Release|Any CPU.ActiveCfg = Release|Any CPU
		{337441A3-FA40-4402-8D62-B02C00A4B792}.Release|Any CPU.Build.0 = Release|Any CPU
	EndGlobalSection
EndGlobal
