
Microsoft Visual Studio Solution File, Format Version 12.00
Project("{FAE04EC0-301F-11D3-BF4B-00C04F79EFBC}") = "PraticaModelarEDesserializar", "PraticaModelarEDesserializar\PraticaModelarEDesserializar.csproj", "{871CD39A-4030-4157-94CE-2C36DBA70C85}"
EndProject
Global
	GlobalSection(SolutionConfigurationPlatforms) = preSolution
		Debug|Any CPU = Debug|Any CPU
		Release|Any CPU = Release|Any CPU
	EndGlobalSection
	GlobalSection(ProjectConfigurationPlatforms) = postSolution
		{871CD39A-4030-4157-94CE-2C36DBA70C85}.Debug|Any CPU.ActiveCfg = Debug|Any CPU
		{871CD39A-4030-4157-94CE-2C36DBA70C85}.Debug|Any CPU.Build.0 = Debug|Any CPU
		{871CD39A-4030-4157-94CE-2C36DBA70C85}.Release|Any CPU.ActiveCfg = Release|Any CPU
		{871CD39A-4030-4157-94CE-2C36DBA70C85}.Release|Any CPU.Build.0 = Release|Any CPU
	EndGlobalSection
EndGlobal
