
Microsoft Visual Studio Solution File, Format Version 12.00
Project("{FAE04EC0-301F-11D3-BF4B-00C04F79EFBC}") = "ScreenSound-API", "ScreenSound-API\ScreenSound-API.csproj", "{3DA29C1B-6E9B-4AC3-B378-E7E9E5D5D428}"
EndProject
Global
	GlobalSection(SolutionConfigurationPlatforms) = preSolution
		Debug|Any CPU = Debug|Any CPU
		Release|Any CPU = Release|Any CPU
	EndGlobalSection
	GlobalSection(ProjectConfigurationPlatforms) = postSolution
		{3DA29C1B-6E9B-4AC3-B378-E7E9E5D5D428}.Debug|Any CPU.ActiveCfg = Debug|Any CPU
		{3DA29C1B-6E9B-4AC3-B378-E7E9E5D5D428}.Debug|Any CPU.Build.0 = Debug|Any CPU
		{3DA29C1B-6E9B-4AC3-B378-E7E9E5D5D428}.Release|Any CPU.ActiveCfg = Release|Any CPU
		{3DA29C1B-6E9B-4AC3-B378-E7E9E5D5D428}.Release|Any CPU.Build.0 = Release|Any CPU
	EndGlobalSection
EndGlobal
