
Microsoft Visual Studio Solution File, Format Version 12.00
Project("{FAE04EC0-301F-11D3-BF4B-00C04F79EFBC}") = "Calculando-Idade", "Calculando-Idade\Calculando-Idade.csproj", "{CA1CE591-AFE5-492C-A919-07031F816B88}"
EndProject
Global
	GlobalSection(SolutionConfigurationPlatforms) = preSolution
		Debug|Any CPU = Debug|Any CPU
		Release|Any CPU = Release|Any CPU
	EndGlobalSection
	GlobalSection(ProjectConfigurationPlatforms) = postSolution
		{CA1CE591-AFE5-492C-A919-07031F816B88}.Debug|Any CPU.ActiveCfg = Debug|Any CPU
		{CA1CE591-AFE5-492C-A919-07031F816B88}.Debug|Any CPU.Build.0 = Debug|Any CPU
		{CA1CE591-AFE5-492C-A919-07031F816B88}.Release|Any CPU.ActiveCfg = Release|Any CPU
		{CA1CE591-AFE5-492C-A919-07031F816B88}.Release|Any CPU.Build.0 = Release|Any CPU
	EndGlobalSection
EndGlobal
